<?xml version="1.0" encoding="utf-8"?>
<Project ToolsVersion="4.0" xmlns="http://schemas.microsoft.com/developer/msbuild/2003">
  <ItemGroup>
    <Filter Include="Source Files">
      <UniqueIdentifier>{4FC737F1-C7A5-4376-A066-2A32D752A2FF}</UniqueIdentifier>
      <Extensions>cpp;c;cc;cxx;def;odl;idl;hpj;bat;asm;asmx</Extensions>
    </Filter>
    <Filter Include="Header Files">
      <UniqueIdentifier>{93995380-89BD-4b04-88EB-625FBE52EBFB}</UniqueIdentifier>
      <Extensions>h;hh;hpp;hxx;hm;inl;inc;xsd</Extensions>
    </Filter>
    <Filter Include="Resource Files">
      <UniqueIdentifier>{67DA6AB6-F800-4c08-8B7A-83BB121AAD01}</UniqueIdentifier>
      <Extensions>rc;ico;cur;bmp;dlg;rc2;rct;bin;rgs;gif;jpg;jpeg;jpe;resx;tiff;tif;png;wav;mfcribbon-ms</Extensions>
    </Filter>
    <Filter Include="Source Files\Main">
      <UniqueIdentifier>{36e90049-4602-4550-a7ff-1cfa81b21bcb}</UniqueIdentifier>
    </Filter>
    <Filter Include="Header Files\Main">
      <UniqueIdentifier>{dfc68125-be1c-47e2-8c6c-9631437afd65}</UniqueIdentifier>
    </Filter>
    <Filter Include="Source Files\OpenGL">
      <UniqueIdentifier>{162b57ed-0937-49ef-8257-5a6517cbf185}</UniqueIdentifier>
    </Filter>
    <Filter Include="Header Files\OpenGL">
      <UniqueIdentifier>{7545c822-eebf-4196-a535-721442ecac0f}</UniqueIdentifier>
    </Filter>
    <Filter Include="Header Files\Math">
      <UniqueIdentifier>{51988aad-b208-4e00-92ce-a19f686d49e2}</UniqueIdentifier>
    </Filter>
    <Filter Include="Header Files\Math\ttmath">
      <UniqueIdentifier>{0fb1c4ce-dc79-473c-b2b2-c450aac24442}</UniqueIdentifier>
    </Filter>
    <Filter Include="Source Files\OpenGL\Fonts">
      <UniqueIdentifier>{343f7aae-e6c5-44fb-9fb4-d8121a980216}</UniqueIdentifier>
    </Filter>
    <Filter Include="Header Files\Utilities">
      <UniqueIdentifier>{16a7bf15-3d36-40c1-84d6-de2cd933060f}</UniqueIdentifier>
    </Filter>
    <Filter Include="Header Files\OpenGL\Fonts">
      <UniqueIdentifier>{5c120bc0-5aba-4318-a704-c7b76823d439}</UniqueIdentifier>
    </Filter>
  </ItemGroup>
  <ItemGroup>
    <Text Include="ReadMe.txt" />
  </ItemGroup>
  <ItemGroup>
    <ClInclude Include="..\..\Source\Main\Armand.h">
      <Filter>Header Files\Main</Filter>
    </ClInclude>
    <ClInclude Include="..\..\Source\Main\stdafx.h">
      <Filter>Header Files\Main</Filter>
    </ClInclude>
    <ClInclude Include="..\..\Source\Main\Resource.h">
      <Filter>Header Files\Main</Filter>
    </ClInclude>
    <ClInclude Include="..\..\Source\Main\targetver.h">
      <Filter>Header Files\Main</Filter>
    </ClInclude>
    <ClInclude Include="..\..\Source\OpenGL\OpenGLWindow.h">
      <Filter>Header Files\OpenGL</Filter>
    </ClInclude>
    <ClInclude Include="..\..\Source\Math\VectorTemplates.h">
      <Filter>Header Files\Math</Filter>
    </ClInclude>
    <ClInclude Include="..\..\Source\Math\ttmath\ttmath.h">
      <Filter>Header Files\Math\ttmath</Filter>
    </ClInclude>
    <ClInclude Include="..\..\Source\Math\ttmath\ttmathbig.h">
      <Filter>Header Files\Math\ttmath</Filter>
    </ClInclude>
    <ClInclude Include="..\..\Source\Math\ttmath\ttmathdec.h">
      <Filter>Header Files\Math\ttmath</Filter>
    </ClInclude>
    <ClInclude Include="..\..\Source\Math\ttmath\ttmathint.h">
      <Filter>Header Files\Math\ttmath</Filter>
    </ClInclude>
    <ClInclude Include="..\..\Source\Math\ttmath\ttmathmisc.h">
      <Filter>Header Files\Math\ttmath</Filter>
    </ClInclude>
    <ClInclude Include="..\..\Source\Math\ttmath\ttmathobjects.h">
      <Filter>Header Files\Math\ttmath</Filter>
    </ClInclude>
    <ClInclude Include="..\..\Source\Math\ttmath\ttmathparser.h">
      <Filter>Header Files\Math\ttmath</Filter>
    </ClInclude>
    <ClInclude Include="..\..\Source\Math\ttmath\ttmaththreads.h">
      <Filter>Header Files\Math\ttmath</Filter>
    </ClInclude>
    <ClInclude Include="..\..\Source\Math\ttmath\ttmathtypes.h">
      <Filter>Header Files\Math\ttmath</Filter>
    </ClInclude>
    <ClInclude Include="..\..\Source\Math\ttmath\ttmathuint.h">
      <Filter>Header Files\Math\ttmath</Filter>
    </ClInclude>
    <ClInclude Include="..\..\Source\Math\ttmath\ttmathuint_noasm.h">
      <Filter>Header Files\Math\ttmath</Filter>
    </ClInclude>
    <ClInclude Include="..\..\Source\Math\ttmath\ttmathuint_x86.h">
      <Filter>Header Files\Math\ttmath</Filter>
    </ClInclude>
    <ClInclude Include="..\..\Source\Math\ttmath\ttmathuint_x86_64.h">
      <Filter>Header Files\Math\ttmath</Filter>
    </ClInclude>
    <ClInclude Include="..\..\Source\Utilities\Singleton.h">
      <Filter>Header Files\Utilities</Filter>
    </ClInclude>
    <ClInclude Include="..\..\Source\OpenGL\Fonts\FontFactory.h">
      <Filter>Header Files\OpenGL\Fonts</Filter>
    </ClInclude>
    <ClInclude Include="..\..\Source\Utilities\easylogging++.h">
      <Filter>Header Files\Utilities</Filter>
    </ClInclude>
  </ItemGroup>
  <ItemGroup>
    <ClCompile Include="..\..\Source\Main\Armand.cpp">
      <Filter>Source Files\Main</Filter>
    </ClCompile>
    <ClCompile Include="..\..\Source\Main\stdafx.cpp">
      <Filter>Source Files\Main</Filter>
    </ClCompile>
    <ClCompile Include="..\..\Source\OpenGL\OpenGLWindow.cpp">
      <Filter>Source Files\OpenGL</Filter>
    </ClCompile>
    <ClCompile Include="..\..\Source\OpenGL\Fonts\FontFactory.cpp">
      <Filter>Source Files\OpenGL\Fonts</Filter>
    </ClCompile>
  </ItemGroup>
  <ItemGroup>
    <Image Include="..\..\Source\Main\Armand.ico">
      <Filter>Resource Files</Filter>
    </Image>
    <Image Include="..\..\Source\Main\small.ico">
      <Filter>Resource Files</Filter>
    </Image>
  </ItemGroup>
  <ItemGroup>
    <ResourceCompile Include="..\..\Source\Main\Armand.rc">
      <Filter>Resource Files</Filter>
    </ResourceCompile>
  </ItemGroup>
  <ItemGroup>
    <None Include="..\..\Source\Math\ttmath\ttmathuint_x86_64_msvc.asm">
      <Filter>Header Files\Math\ttmath</Filter>
    </None>
  </ItemGroup>
  <ItemGroup>
    <Object Include="..\..\Source\Math\ttmath\ttmathuint_x86_64_msvc.obj">
      <Filter>Header Files\Math\ttmath</Filter>
    </Object>
  </ItemGroup>
</Project>